
Microsoft Visual Studio Solution File, Format Version 12.00
# Visual Studio Version 17
VisualStudioVersion = 17.10.35027.167
MinimumVisualStudioVersion = 10.0.40219.1
Project("{FAE04EC0-301F-11D3-BF4B-00C04F79EFBC}") = "ApiCrud", "ApiCrud\ApiCrud.csproj", "{633992C0-6126-41DB-889D-2ABDEA4B0002}"
EndProject
Global
	GlobalSection(SolutionConfigurationPlatforms) = preSolution
		Debug|Any CPU = Debug|Any CPU
		Release|Any CPU = Release|Any CPU
	EndGlobalSection
	GlobalSection(ProjectConfigurationPlatforms) = postSolution
		{633992C0-6126-41DB-889D-2ABDEA4B0002}.Debug|Any CPU.ActiveCfg = Debug|Any CPU
		{633992C0-6126-41DB-889D-2ABDEA4B0002}.Debug|Any CPU.Build.0 = Debug|Any CPU
		{633992C0-6126-41DB-889D-2ABDEA4B0002}.Release|Any CPU.ActiveCfg = Release|Any CPU
		{633992C0-6126-41DB-889D-2ABDEA4B0002}.Release|Any CPU.Build.0 = Release|Any CPU
	EndGlobalSection
	GlobalSection(SolutionProperties) = preSolution
		HideSolutionNode = FALSE
	EndGlobalSection
	GlobalSection(ExtensibilityGlobals) = postSolution
		SolutionGuid = {CE5CB439-0A7A-42AE-AAFA-BB1B6191335E}
	EndGlobalSection
EndGlobal
